{
    "name": "update-updates-release-channel-expo-plist-action",
    "version": "1.3",
    "lockfileVersion": 2,
    "requires": true,
    "packages": {
        "": {
            "name": "update-updates-release-channel-expo-plist-action",
            "version": "1.3",
            "license": "ISC",
            "dependencies": {
                "@actions/core": "^1.2.7",
                "@actions/exec": "^1.0.4",
                "fs": "0.0.1-security"
            },
            "devDependencies": {
                "@types/node": "^14.14.41",
                "plist": "^3.0.2"
            }
        },
        "node_modules/@actions/core": {
            "version": "1.9.1",
            "license": "MIT",
            "dependencies": {
                "@actions/http-client": "^2.0.1",
                "uuid": "^8.3.2"
            }
        },
        "node_modules/@actions/exec": {
            "version": "1.1.1",
            "license": "MIT",
            "dependencies": {
                "@actions/io": "^1.0.1"
            }
        },
        "node_modules/@actions/http-client": {
            "version": "2.0.1",
            "license": "MIT",
            "dependencies": {
                "tunnel": "^0.0.6"
            }
        },
        "node_modules/@actions/io": {
            "version": "1.1.2",
            "license": "MIT"
        },
        "node_modules/@types/node": {
            "version": "14.18.26",
            "dev": true,
            "license": "MIT"
        },
        "node_modules/base64-js": {
            "version": "1.5.1",
            "dev": true,
            "funding": [
                {
                    "type": "github",
                    "url": "https://github.com/sponsors/feross"
                },
                {
                    "type": "patreon",
                    "url": "https://www.patreon.com/feross"
                },
                {
                    "type": "consulting",
                    "url": "https://feross.org/support"
                }
            ],
            "license": "MIT"
        },
        "node_modules/fs": {
            "version": "0.0.1-security",
            "license": "ISC"
        },
        "node_modules/plist": {
            "version": "3.0.6",
            "dev": true,
            "license": "MIT",
            "dependencies": {
                "base64-js": "^1.5.1",
                "xmlbuilder": "^15.1.1"
            },
            "engines": {
                "node": ">=6"
            }
        },
        "node_modules/tunnel": {
            "version": "0.0.6",
            "license": "MIT",
            "engines": {
                "node": ">=0.6.11 <=0.7.0 || >=0.7.3"
            }
        },
        "node_modules/uuid": {
            "version": "8.3.2",
            "license": "MIT",
            "bin": {
                "uuid": "dist/bin/uuid"
            }
        },
        "node_modules/xmlbuilder": {
            "version": "15.1.1",
            "dev": true,
            "license": "MIT",
            "engines": {
                "node": ">=8.0"
            }
        }
    },
    "dependencies": {
        "@actions/core": {
            "version": "1.9.1",
            "requires": {
                "@actions/http-client": "^2.0.1",
                "uuid": "^8.3.2"
            }
        },
        "@actions/exec": {
            "version": "1.1.1",
            "requires": {
                "@actions/io": "^1.0.1"
            }
        },
        "@actions/http-client": {
            "version": "2.0.1",
            "requires": {
                "tunnel": "^0.0.6"
            }
        },
        "@actions/io": {
            "version": "1.1.2"
        },
        "@types/node": {
            "version": "14.18.26",
            "dev": true
        },
        "base64-js": {
            "version": "1.5.1",
            "dev": true
        },
        "fs": {
            "version": "0.0.1-security"
        },
        "plist": {
            "version": "3.0.6",
            "dev": true,
            "requires": {
                "base64-js": "^1.5.1",
                "xmlbuilder": "^15.1.1"
            }
        },
        "tunnel": {
            "version": "0.0.6"
        },
        "uuid": {
            "version": "8.3.2"
        },
        "xmlbuilder": {
            "version": "15.1.1",
            "dev": true
        }
    }
}
